Microsoft Visual Studio Solution File, Format Version 12.00
# Visual Studio Version 17
VisualStudioVersion = 17.5.2.0
MinimumVisualStudioVersion = 10.0.40219.1
Project("{FAE04EC0-301F-11D3-BF4B-00C04F79EFBC}") = "MapUnlocker", "MapUnlocker.csproj", "{992E25DE-C404-068C-BB85-B815989C41A0}"
EndProject
Global
	GlobalSection(SolutionConfigurationPlatforms) = preSolution
		Debug|Any CPU = Debug|Any CPU
		Release|Any CPU = Release|Any CPU
	EndGlobalSection
	GlobalSection(ProjectConfigurationPlatforms) = postSolution
		{992E25DE-C404-068C-BB85-B815989C41A0}.Debug|Any CPU.ActiveCfg = Debug|Any CPU
		{992E25DE-C404-068C-BB85-B815989C41A0}.Debug|Any CPU.Build.0 = Debug|Any CPU
		{992E25DE-C404-068C-BB85-B815989C41A0}.Release|Any CPU.ActiveCfg = Release|Any CPU
		{992E25DE-C404-068C-BB85-B815989C41A0}.Release|Any CPU.Build.0 = Release|Any CPU
	EndGlobalSection
	GlobalSection(SolutionProperties) = preSolution
		HideSolutionNode = FALSE
	EndGlobalSection
	GlobalSection(ExtensibilityGlobals) = postSolution
		SolutionGuid = {908412AB-2C37-405F-80C6-CE0ECB622922}
	EndGlobalSection
EndGlobal
